
Microsoft Visual Studio Solution File, Format Version 11.00
# Visual Studio 2010
Project("{FAE04EC0-301F-11D3-BF4B-00C04F79EFBC}") = "Popover-Demo", "Popover-Demo.csproj", "{42E01581-0D96-4E59-B426-F27A7E9F11A4}"
EndProject
Global
	GlobalSection(SolutionConfigurationPlatforms) = preSolution
		Debug|iPhoneSimulator = Debug|iPhoneSimulator
		Release|iPhoneSimulator = Release|iPhoneSimulator
		Debug|iPhone = Debug|iPhone
		Release|iPhone = Release|iPhone
	EndGlobalSection
	GlobalSection(ProjectConfigurationPlatforms) = postSolution
		{42E01581-0D96-4E59-B426-F27A7E9F11A4}.Debug|iPhone.ActiveCfg = Debug|iPhone
		{42E01581-0D96-4E59-B426-F27A7E9F11A4}.Debug|iPhone.Build.0 = Debug|iPhone
		{42E01581-0D96-4E59-B426-F27A7E9F11A4}.Debug|iPhoneSimulator.ActiveCfg = Debug|iPhoneSimulator
		{42E01581-0D96-4E59-B426-F27A7E9F11A4}.Debug|iPhoneSimulator.Build.0 = Debug|iPhoneSimulator
		{42E01581-0D96-4E59-B426-F27A7E9F11A4}.Release|iPhone.ActiveCfg = Release|iPhone
		{42E01581-0D96-4E59-B426-F27A7E9F11A4}.Release|iPhone.Build.0 = Release|iPhone
		{42E01581-0D96-4E59-B426-F27A7E9F11A4}.Release|iPhoneSimulator.ActiveCfg = Release|iPhoneSimulator
		{42E01581-0D96-4E59-B426-F27A7E9F11A4}.Release|iPhoneSimulator.Build.0 = Release|iPhoneSimulator
	EndGlobalSection
	GlobalSection(MonoDevelopProperties) = preSolution
		StartupItem = Popover-Demo.csproj
	EndGlobalSection
EndGlobal
